
Microsoft Visual Studio Solution File, Format Version 12.00
# Visual Studio 2013
VisualStudioVersion = 12.0.30110.0
MinimumVisualStudioVersion = 10.0.40219.1
Project("{FAE04EC0-301F-11D3-BF4B-00C04F79EFBC}") = "LightMigrator", "LightMigrator\LightMigrator.csproj", "{0AF32DFA-88DF-4510-B3EE-738BC2F636E9}"
EndProject
Project("{FAE04EC0-301F-11D3-BF4B-00C04F79EFBC}") = "LightMigrator.Database.Tests", "LightMigrator.Database.Tests.Migrations\LightMigrator.Database.Tests.csproj", "{64D96346-5CDC-440F-82F4-BE1CEB3A3B47}"
EndProject
Project("{FAE04EC0-301F-11D3-BF4B-00C04F79EFBC}") = "LightMigrator.Database", "LightMigrator.Database\LightMigrator.Database.csproj", "{CEBD0D86-67C7-4878-A3E7-6B64E261BE6A}"
EndProject
Global
	GlobalSection(SolutionConfigurationPlatforms) = preSolution
		Debug|Any CPU = Debug|Any CPU
		Release|Any CPU = Release|Any CPU
	EndGlobalSection
	GlobalSection(ProjectConfigurationPlatforms) = postSolution
		{0AF32DFA-88DF-4510-B3EE-738BC2F636E9}.Debug|Any CPU.ActiveCfg = Debug|Any CPU
		{0AF32DFA-88DF-4510-B3EE-738BC2F636E9}.Debug|Any CPU.Build.0 = Debug|Any CPU
		{0AF32DFA-88DF-4510-B3EE-738BC2F636E9}.Release|Any CPU.ActiveCfg = Release|Any CPU
		{0AF32DFA-88DF-4510-B3EE-738BC2F636E9}.Release|Any CPU.Build.0 = Release|Any CPU
		{64D96346-5CDC-440F-82F4-BE1CEB3A3B47}.Debug|Any CPU.ActiveCfg = Debug|Any CPU
		{64D96346-5CDC-440F-82F4-BE1CEB3A3B47}.Debug|Any CPU.Build.0 = Debug|Any CPU
		{64D96346-5CDC-440F-82F4-BE1CEB3A3B47}.Release|Any CPU.ActiveCfg = Release|Any CPU
		{64D96346-5CDC-440F-82F4-BE1CEB3A3B47}.Release|Any CPU.Build.0 = Release|Any CPU
		{CEBD0D86-67C7-4878-A3E7-6B64E261BE6A}.Debug|Any CPU.ActiveCfg = Debug|Any CPU
		{CEBD0D86-67C7-4878-A3E7-6B64E261BE6A}.Debug|Any CPU.Build.0 = Debug|Any CPU
		{CEBD0D86-67C7-4878-A3E7-6B64E261BE6A}.Release|Any CPU.ActiveCfg = Release|Any CPU
		{CEBD0D86-67C7-4878-A3E7-6B64E261BE6A}.Release|Any CPU.Build.0 = Release|Any CPU
	EndGlobalSection
	GlobalSection(SolutionProperties) = preSolution
		HideSolutionNode = FALSE
	EndGlobalSection
EndGlobal
